
Microsoft Visual Studio Solution File, Format Version 12.00
# Visual Studio Version 17
VisualStudioVersion = 17.6.33723.286
MinimumVisualStudioVersion = 10.0.40219.1
Project("{FAE04EC0-301F-11D3-BF4B-00C04F79EFBC}") = "Пр11", "Пр11\Пр11.csproj", "{24CAF299-5245-478D-AF5C-46BAC8193348}"
EndProject
Global
	GlobalSection(SolutionConfigurationPlatforms) = preSolution
		Debug|Any CPU = Debug|Any CPU
		Release|Any CPU = Release|Any CPU
	EndGlobalSection
	GlobalSection(ProjectConfigurationPlatforms) = postSolution
		{24CAF299-5245-478D-AF5C-46BAC8193348}.Debug|Any CPU.ActiveCfg = Debug|Any CPU
		{24CAF299-5245-478D-AF5C-46BAC8193348}.Debug|Any CPU.Build.0 = Debug|Any CPU
		{24CAF299-5245-478D-AF5C-46BAC8193348}.Release|Any CPU.ActiveCfg = Release|Any CPU
		{24CAF299-5245-478D-AF5C-46BAC8193348}.Release|Any CPU.Build.0 = Release|Any CPU
	EndGlobalSection
	GlobalSection(SolutionProperties) = preSolution
		HideSolutionNode = FALSE
	EndGlobalSection
	GlobalSection(ExtensibilityGlobals) = postSolution
		SolutionGuid = {D0F94847-681F-41B0-9D8E-2B82DE26A1DF}
	EndGlobalSection
EndGlobal
